
Microsoft Visual Studio Solution File, Format Version 12.00
# Visual Studio 15
VisualStudioVersion = 15.0.28010.2046
MinimumVisualStudioVersion = 10.0.40219.1
Project("{8BC9CEB8-8B4A-11D0-8D11-00A0C91BC942}") = "ConsoleApplication1", "ConsoleApplication1\ConsoleApplication1.vcxproj", "{9027DB9D-A1D2-41FA-B525-C7466EC2134C}"
EndProject
Global
	GlobalSection(SolutionConfigurationPlatforms) = preSolution
		Debug|x64 = Debug|x64
		Debug|x86 = Debug|x86
		Release|x64 = Release|x64
		Release|x86 = Release|x86
	EndGlobalSection
	GlobalSection(ProjectConfigurationPlatforms) = postSolution
		{9027DB9D-A1D2-41FA-B525-C7466EC2134C}.Debug|x64.ActiveCfg = Debug|x64
		{9027DB9D-A1D2-41FA-B525-C7466EC2134C}.Debug|x64.Build.0 = Debug|x64
		{9027DB9D-A1D2-41FA-B525-C7466EC2134C}.Debug|x86.ActiveCfg = Debug|Win32
		{9027DB9D-A1D2-41FA-B525-C7466EC2134C}.Debug|x86.Build.0 = Debug|Win32
		{9027DB9D-A1D2-41FA-B525-C7466EC2134C}.Release|x64.ActiveCfg = Release|x64
		{9027DB9D-A1D2-41FA-B525-C7466EC2134C}.Release|x64.Build.0 = Release|x64
		{9027DB9D-A1D2-41FA-B525-C7466EC2134C}.Release|x86.ActiveCfg = Release|Win32
		{9027DB9D-A1D2-41FA-B525-C7466EC2134C}.Release|x86.Build.0 = Release|Win32
	EndGlobalSection
	GlobalSection(SolutionProperties) = preSolution
		HideSolutionNode = FALSE
	EndGlobalSection
	GlobalSection(ExtensibilityGlobals) = postSolution
		SolutionGuid = {AA204AE2-611C-4C98-837B-9C3811E6FD87}
	EndGlobalSection
EndGlobal
